{
  "pins" : [
    {
      "identity" : "realm-core",
      "kind" : "remoteSourceControl",
      "location" : "https://github.com/realm/realm-core.git",
      "state" : {
        "revision" : "f8604b9fd3d2982008a1d3f5ff35e52ee9098d5b",
        "version" : "13.23.0"
      }
    },
    {
      "identity" : "realm-swift",
      "kind" : "remoteSourceControl",
      "location" : "https://github.com/realm/realm-swift",
      "state" : {
        "branch" : "master",
        "revision" : "becc93324f6a6a5ccc7a2ea3f3f40f94fa57ce49"
      }
    },
    {
      "identity" : "sdwebimage",
      "kind" : "remoteSourceControl",
      "location" : "https://github.com/SDWebImage/SDWebImage",
      "state" : {
        "revision" : "2c8ed9a2f3ad537dbe9e58e2ec18be361da112aa",
        "version" : "5.9.5"
      }
    }
  ],
  "version" : 2
}
